
Microsoft Visual Studio Solution File, Format Version 12.00
# Visual Studio 2013
VisualStudioVersion = 12.0.31101.0
MinimumVisualStudioVersion = 10.0.40219.1
Project("{FAE04EC0-301F-11D3-BF4B-00C04F79EFBC}") = "GitHubTest", "GitHubTest\GitHubTest.csproj", "{2C2747C9-7E87-4557-A47C-4785D5818D0B}"
EndProject
Project("{FAE04EC0-301F-11D3-BF4B-00C04F79EFBC}") = "test", "test\test.csproj", "{2082E1B9-903F-4C60-98F6-FA2189E46547}"
EndProject
Global
	GlobalSection(SolutionConfigurationPlatforms) = preSolution
		Debug|Any CPU = Debug|Any CPU
		Release|Any CPU = Release|Any CPU
	EndGlobalSection
	GlobalSection(ProjectConfigurationPlatforms) = postSolution
		{2C2747C9-7E87-4557-A47C-4785D5818D0B}.Debug|Any CPU.ActiveCfg = Debug|Any CPU
		{2C2747C9-7E87-4557-A47C-4785D5818D0B}.Debug|Any CPU.Build.0 = Debug|Any CPU
		{2C2747C9-7E87-4557-A47C-4785D5818D0B}.Release|Any CPU.ActiveCfg = Release|Any CPU
		{2C2747C9-7E87-4557-A47C-4785D5818D0B}.Release|Any CPU.Build.0 = Release|Any CPU
		{2082E1B9-903F-4C60-98F6-FA2189E46547}.Debug|Any CPU.ActiveCfg = Debug|Any CPU
		{2082E1B9-903F-4C60-98F6-FA2189E46547}.Debug|Any CPU.Build.0 = Debug|Any CPU
		{2082E1B9-903F-4C60-98F6-FA2189E46547}.Release|Any CPU.ActiveCfg = Release|Any CPU
		{2082E1B9-903F-4C60-98F6-FA2189E46547}.Release|Any CPU.Build.0 = Release|Any CPU
	EndGlobalSection
	GlobalSection(SolutionProperties) = preSolution
		HideSolutionNode = FALSE
	EndGlobalSection
EndGlobal
